
Microsoft Visual Studio Solution File, Format Version 12.00
# Visual Studio Version 16
VisualStudioVersion = 16.0.30309.148
MinimumVisualStudioVersion = 10.0.40219.1
Project("{FAE04EC0-301F-11D3-BF4B-00C04F79EFBC}") = "Itravels_v1", "Itravels_v1\Itravels_v1.csproj", "{3D156A93-DB28-4521-8507-8C427D5AB133}"
EndProject
Global
	GlobalSection(SolutionConfigurationPlatforms) = preSolution
		Debug|Any CPU = Debug|Any CPU
		Release|Any CPU = Release|Any CPU
	EndGlobalSection
	GlobalSection(ProjectConfigurationPlatforms) = postSolution
		{3D156A93-DB28-4521-8507-8C427D5AB133}.Debug|Any CPU.ActiveCfg = Debug|Any CPU
		{3D156A93-DB28-4521-8507-8C427D5AB133}.Debug|Any CPU.Build.0 = Debug|Any CPU
		{3D156A93-DB28-4521-8507-8C427D5AB133}.Release|Any CPU.ActiveCfg = Release|Any CPU
		{3D156A93-DB28-4521-8507-8C427D5AB133}.Release|Any CPU.Build.0 = Release|Any CPU
	EndGlobalSection
	GlobalSection(SolutionProperties) = preSolution
		HideSolutionNode = FALSE
	EndGlobalSection
	GlobalSection(ExtensibilityGlobals) = postSolution
		SolutionGuid = {97DE6173-321F-4330-8E40-CB3DAE5160A5}
	EndGlobalSection
EndGlobal
